{
  "name": "g-pac_miniprogram",
  "version": "1.0.0",
  "lockfileVersion": 1,
  "requires": true,
  "dependencies": {
    "lottie-miniprogram": {
      "version": "1.0.7",
      "resolved": "https://registry.npmjs.org/lottie-miniprogram/-/lottie-miniprogram-1.0.7.tgz",
      "integrity": "sha512-mAbrKYc4IUe/5TqI/biFVa0xHuj/TVRY+ijxOQATwTzM6qJelrM5m0WQyXzzLtSuQcUlhDXZWAEsZxDCsqTBAQ=="
    }
  }
}
